
Microsoft Visual Studio Solution File, Format Version 12.00
# Visual Studio Version 17
VisualStudioVersion = 17.7.34031.279
MinimumVisualStudioVersion = 10.0.40219.1
Project("{FAE04EC0-301F-11D3-BF4B-00C04F79EFBC}") = "EntityFrameworkWinFormApp", "EntityFrameworkWinFormApp\EntityFrameworkWinFormApp.csproj", "{C6C12580-7C96-415B-9A94-366D65719157}"
EndProject
Global
	GlobalSection(SolutionConfigurationPlatforms) = preSolution
		Debug|Any CPU = Debug|Any CPU
		Release|Any CPU = Release|Any CPU
	EndGlobalSection
	GlobalSection(ProjectConfigurationPlatforms) = postSolution
		{C6C12580-7C96-415B-9A94-366D65719157}.Debug|Any CPU.ActiveCfg = Debug|Any CPU
		{C6C12580-7C96-415B-9A94-366D65719157}.Debug|Any CPU.Build.0 = Debug|Any CPU
		{C6C12580-7C96-415B-9A94-366D65719157}.Release|Any CPU.ActiveCfg = Release|Any CPU
		{C6C12580-7C96-415B-9A94-366D65719157}.Release|Any CPU.Build.0 = Release|Any CPU
	EndGlobalSection
	GlobalSection(SolutionProperties) = preSolution
		HideSolutionNode = FALSE
	EndGlobalSection
	GlobalSection(ExtensibilityGlobals) = postSolution
		SolutionGuid = {D1E7A22C-4A8B-4F85-86DE-19BBE8C5C299}
	EndGlobalSection
EndGlobal
